{
  "name": "frontend",
  "version": "0.0.0",
  "private": true,
  "type": "module",
  "scripts": {
    "dev": "vite",
    "build": "tsc -b && vite build",
    "start": "serve -s dist -l tcp://0.0.0.0:$PORT",
    "preview": "vite preview"
  },
  "dependencies": {
    "@vitejs/plugin-react": "^5.0.0",
    "react": "^19.0.0",
    "react-dom": "^19.0.0",
    "react-router-dom": "^7.0.0",
    "serve": "^14.2.5"
  },
  "devDependencies": {
    "@types/react": "^19.0.0",
    "@types/react-dom": "^19.0.0",
    "typescript": "^5.9.3",
    "vite": "^7.0.0"
  }
}